{
    "name": "www",
    "lockfileVersion": 3,
    "requires": true,
    "packages": {
        "../pkg": {
            "name": "connect-four-website",
            "version": "0.1.0",
            "extraneous": true
        },
        "../pkg/connect_four_website.js": {
            "extraneous": true
        }
    }
}
